{
    "requires": true,
    "lockfileVersion": 1,
    "dependencies": {
        "tinymce": {
            "version": "5.8.1",
            "resolved": "https://registry.npmjs.org/tinymce/-/tinymce-5.8.1.tgz",
            "integrity": "sha512-1zGXdZplWQafstlC7sri0ttCgMagsiXDc9N3I8JNrPOsWAeTfq4AAJWZoxsQBYn8gYcuPu/WzMKG5SoJjxI1VA=="
        }
    }
}
